
Microsoft Visual Studio Solution File, Format Version 12.00
# Visual Studio 15
VisualStudioVersion = 15.0.27428.2027
MinimumVisualStudioVersion = 10.0.40219.1
Project("{FAE04EC0-301F-11D3-BF4B-00C04F79EFBC}") = "FilterBladeUpdateHelper", "FilterBladeUpdateHelper\FilterBladeUpdateHelper.csproj", "{14546B32-1B99-44F6-9B22-D0D46102D131}"
EndProject
Global
	GlobalSection(SolutionConfigurationPlatforms) = preSolution
		Debug|Any CPU = Debug|Any CPU
		Release|Any CPU = Release|Any CPU
	EndGlobalSection
	GlobalSection(ProjectConfigurationPlatforms) = postSolution
		{14546B32-1B99-44F6-9B22-D0D46102D131}.Debug|Any CPU.ActiveCfg = Debug|Any CPU
		{14546B32-1B99-44F6-9B22-D0D46102D131}.Debug|Any CPU.Build.0 = Debug|Any CPU
		{14546B32-1B99-44F6-9B22-D0D46102D131}.Release|Any CPU.ActiveCfg = Release|Any CPU
		{14546B32-1B99-44F6-9B22-D0D46102D131}.Release|Any CPU.Build.0 = Release|Any CPU
	EndGlobalSection
	GlobalSection(SolutionProperties) = preSolution
		HideSolutionNode = FALSE
	EndGlobalSection
	GlobalSection(ExtensibilityGlobals) = postSolution
		SolutionGuid = {6F761C64-2C2D-4ABF-91EF-66C958555FE2}
	EndGlobalSection
EndGlobal
